
Microsoft Visual Studio Solution File, Format Version 12.00
# Visual Studio Version 17
VisualStudioVersion = 17.4.33110.190
MinimumVisualStudioVersion = 10.0.40219.1
Project("{FAE04EC0-301F-11D3-BF4B-00C04F79EFBC}") = "Sklep3", "Sklep3\Sklep3.csproj", "{EAD1AA92-CA4C-41AB-90E4-431A1D15CC0A}"
EndProject
Global
	GlobalSection(SolutionConfigurationPlatforms) = preSolution
		Debug|Any CPU = Debug|Any CPU
		Release|Any CPU = Release|Any CPU
	EndGlobalSection
	GlobalSection(ProjectConfigurationPlatforms) = postSolution
		{EAD1AA92-CA4C-41AB-90E4-431A1D15CC0A}.Debug|Any CPU.ActiveCfg = Debug|Any CPU
		{EAD1AA92-CA4C-41AB-90E4-431A1D15CC0A}.Debug|Any CPU.Build.0 = Debug|Any CPU
		{EAD1AA92-CA4C-41AB-90E4-431A1D15CC0A}.Release|Any CPU.ActiveCfg = Release|Any CPU
		{EAD1AA92-CA4C-41AB-90E4-431A1D15CC0A}.Release|Any CPU.Build.0 = Release|Any CPU
	EndGlobalSection
	GlobalSection(SolutionProperties) = preSolution
		HideSolutionNode = FALSE
	EndGlobalSection
	GlobalSection(ExtensibilityGlobals) = postSolution
		SolutionGuid = {DD7B69FC-6A68-448C-A53D-39EFA2530851}
	EndGlobalSection
EndGlobal
